
Microsoft Visual Studio Solution File, Format Version 12.00
# SQL Server Management Studio Version 21
VisualStudioVersion = 17.14.36408.4
MinimumVisualStudioVersion = 10.0.40219.1
Project("{4F2E2C19-372F-40D8-9FA7-9D2138C6997A}") = "DDL", "DDL\DDL.ssmssqlproj", "{934EBEDF-F93F-0D42-36EB-DD028C4675FF}"
EndProject
Project("{4F2E2C19-372F-40D8-9FA7-9D2138C6997A}") = "DML", "DML\DML.ssmssqlproj", "{3F422AFF-1B5B-E7A9-275C-9E182F75EE28}"
EndProject
Project("{4F2E2C19-372F-40D8-9FA7-9D2138C6997A}") = "TransactSQL", "TransactSQL\TransactSQL.ssmssqlproj", "{8C78D05F-9FDC-7F1A-65AA-4C678CBD3D1F}"
EndProject
Global
	GlobalSection(SolutionConfigurationPlatforms) = preSolution
		Default|Default = Default|Default
	EndGlobalSection
	GlobalSection(ProjectConfigurationPlatforms) = postSolution
		{934EBEDF-F93F-0D42-36EB-DD028C4675FF}.Default|Default.ActiveCfg = Default
		{3F422AFF-1B5B-E7A9-275C-9E182F75EE28}.Default|Default.ActiveCfg = Default
		{8C78D05F-9FDC-7F1A-65AA-4C678CBD3D1F}.Default|Default.ActiveCfg = Default
		{9A5FB8FB-5FE7-4F62-B235-33608C060A6F}.Default|Default.ActiveCfg = Default
	EndGlobalSection
	GlobalSection(SolutionProperties) = preSolution
		HideSolutionNode = FALSE
	EndGlobalSection
	GlobalSection(ExtensibilityGlobals) = postSolution
		SolutionGuid = {1B5A5E34-DD9D-4D6B-BDF6-B54C7EB33F41}
	EndGlobalSection
EndGlobal
